
Microsoft Visual Studio Solution File, Format Version 12.00
# Visual Studio Version 16
VisualStudioVersion = 16.0.31410.357
MinimumVisualStudioVersion = 10.0.40219.1
Project("{FAE04EC0-301F-11D3-BF4B-00C04F79EFBC}") = "Dio.bank", "Dio.bank.csproj", "{9673D41D-CF4F-43D4-9256-E0179B91A460}"
EndProject
Global
	GlobalSection(SolutionConfigurationPlatforms) = preSolution
		Debug|Any CPU = Debug|Any CPU
		Release|Any CPU = Release|Any CPU
	EndGlobalSection
	GlobalSection(ProjectConfigurationPlatforms) = postSolution
		{9673D41D-CF4F-43D4-9256-E0179B91A460}.Debug|Any CPU.ActiveCfg = Debug|Any CPU
		{9673D41D-CF4F-43D4-9256-E0179B91A460}.Debug|Any CPU.Build.0 = Debug|Any CPU
		{9673D41D-CF4F-43D4-9256-E0179B91A460}.Release|Any CPU.ActiveCfg = Release|Any CPU
		{9673D41D-CF4F-43D4-9256-E0179B91A460}.Release|Any CPU.Build.0 = Release|Any CPU
	EndGlobalSection
	GlobalSection(SolutionProperties) = preSolution
		HideSolutionNode = FALSE
	EndGlobalSection
	GlobalSection(ExtensibilityGlobals) = postSolution
		SolutionGuid = {7F8CBAC4-572E-42AA-8088-1B5D13EB8F36}
	EndGlobalSection
EndGlobal
